
Microsoft Visual Studio Solution File, Format Version 12.00
# Visual Studio Version 18
VisualStudioVersion = 18.5.11716.220 stable
MinimumVisualStudioVersion = 10.0.40219.1
Project("{FAE04EC0-301F-11D3-BF4B-00C04F79EFBC}") = "Janus", "Janus.csproj", "{8EEB96AA-7D8A-9CB0-9ACF-35AE67F9CFCB}"
EndProject
Global
	GlobalSection(SolutionConfigurationPlatforms) = preSolution
		Debug|Any CPU = Debug|Any CPU
		Release|Any CPU = Release|Any CPU
	EndGlobalSection
	GlobalSection(ProjectConfigurationPlatforms) = postSolution
		{8EEB96AA-7D8A-9CB0-9ACF-35AE67F9CFCB}.Debug|Any CPU.ActiveCfg = Debug|Any CPU
		{8EEB96AA-7D8A-9CB0-9ACF-35AE67F9CFCB}.Debug|Any CPU.Build.0 = Debug|Any CPU
		{8EEB96AA-7D8A-9CB0-9ACF-35AE67F9CFCB}.Release|Any CPU.ActiveCfg = Release|Any CPU
		{8EEB96AA-7D8A-9CB0-9ACF-35AE67F9CFCB}.Release|Any CPU.Build.0 = Release|Any CPU
	EndGlobalSection
	GlobalSection(SolutionProperties) = preSolution
		HideSolutionNode = FALSE
	EndGlobalSection
	GlobalSection(ExtensibilityGlobals) = postSolution
		SolutionGuid = {1063138E-93FB-40D1-9010-62919BBA2387}
	EndGlobalSection
EndGlobal
